
Microsoft Visual Studio Solution File, Format Version 12.00
# Visual Studio Version 17
VisualStudioVersion = 17.4.33213.308
MinimumVisualStudioVersion = 10.0.40219.1
Project("{FAE04EC0-301F-11D3-BF4B-00C04F79EFBC}") = "Game", "Game\Game.csproj", "{2F7E114A-C74E-4890-A457-86C213E9130D}"
EndProject
Global
	GlobalSection(SolutionConfigurationPlatforms) = preSolution
		Debug|Any CPU = Debug|Any CPU
		Release|Any CPU = Release|Any CPU
	EndGlobalSection
	GlobalSection(ProjectConfigurationPlatforms) = postSolution
		{2F7E114A-C74E-4890-A457-86C213E9130D}.Debug|Any CPU.ActiveCfg = Debug|Any CPU
		{2F7E114A-C74E-4890-A457-86C213E9130D}.Debug|Any CPU.Build.0 = Debug|Any CPU
		{2F7E114A-C74E-4890-A457-86C213E9130D}.Release|Any CPU.ActiveCfg = Release|Any CPU
		{2F7E114A-C74E-4890-A457-86C213E9130D}.Release|Any CPU.Build.0 = Release|Any CPU
	EndGlobalSection
	GlobalSection(SolutionProperties) = preSolution
		HideSolutionNode = FALSE
	EndGlobalSection
	GlobalSection(ExtensibilityGlobals) = postSolution
		SolutionGuid = {548E1BF5-DDA7-41A3-ACB6-81F6C9AA7094}
	EndGlobalSection
EndGlobal
