
Microsoft Visual Studio Solution File, Format Version 12.00
# Visual Studio Version 17
VisualStudioVersion = 17.4.33213.308
MinimumVisualStudioVersion = 10.0.40219.1
Project("{FAE04EC0-301F-11D3-BF4B-00C04F79EFBC}") = "FirstGame", "FirstGame\FirstGame.csproj", "{77969649-6589-4D43-9C3C-5EDF46118CA3}"
EndProject
Global
	GlobalSection(SolutionConfigurationPlatforms) = preSolution
		Debug|Any CPU = Debug|Any CPU
		Release|Any CPU = Release|Any CPU
	EndGlobalSection
	GlobalSection(ProjectConfigurationPlatforms) = postSolution
		{77969649-6589-4D43-9C3C-5EDF46118CA3}.Debug|Any CPU.ActiveCfg = Debug|Any CPU
		{77969649-6589-4D43-9C3C-5EDF46118CA3}.Debug|Any CPU.Build.0 = Debug|Any CPU
		{77969649-6589-4D43-9C3C-5EDF46118CA3}.Release|Any CPU.ActiveCfg = Release|Any CPU
		{77969649-6589-4D43-9C3C-5EDF46118CA3}.Release|Any CPU.Build.0 = Release|Any CPU
	EndGlobalSection
	GlobalSection(SolutionProperties) = preSolution
		HideSolutionNode = FALSE
	EndGlobalSection
	GlobalSection(ExtensibilityGlobals) = postSolution
		SolutionGuid = {AA856023-81AB-424C-8098-12CB0EDA0A74}
	EndGlobalSection
EndGlobal
